<?xml version="1.0" encoding="utf-8"?>
<Project ToolsVersion="4.0" xmlns="http://schemas.microsoft.com/developer/msbuild/2003">
  <ItemGroup>
    <Filter Include="Source Files">
      <UniqueIdentifier>{4FC737F1-C7A5-4376-A066-2A32D752A2FF}</UniqueIdentifier>
      <Extensions>cpp;c;cc;cxx;def;odl;idl;hpj;bat;asm;asmx</Extensions>
    </Filter>
    <Filter Include="Header Files">
      <UniqueIdentifier>{93995380-89BD-4b04-88EB-625FBE52EBFB}</UniqueIdentifier>
      <Extensions>h;hh;hpp;hxx;hm;inl;inc;xsd</Extensions>
    </Filter>
    <Filter Include="Resource Files">
      <UniqueIdentifier>{67DA6AB6-F800-4c08-8B7A-83BB121AAD01}</UniqueIdentifier>
      <Extensions>rc;ico;cur;bmp;dlg;rc2;rct;bin;rgs;gif;jpg;jpeg;jpe;resx;tiff;tif;png;wav;mfcribbon-ms</Extensions>
    </Filter>
  </ItemGroup>
  <ItemGroup>
    <ClInclude Include="include\Maths\MathInclude.hpp">
      <Filter>Header Files</Filter>
    </ClInclude>
    <ClInclude Include="include\Maths\MathsUtilities.hpp">
      <Filter>Header Files</Filter>
    </ClInclude>
    <ClInclude Include="include\Maths\MathVector.hpp">
      <Filter>Header Files</Filter>
    </ClInclude>
    <ClInclude Include="include\stdafx.h">
      <Filter>Header Files</Filter>
    </ClInclude>
    <ClInclude Include="include\targetver.h">
      <Filter>Header Files</Filter>
    </ClInclude>
    <ClInclude Include="include\DebugHelper.h">
      <Filter>Header Files</Filter>
    </ClInclude>
    <ClInclude Include="include\States\State.hpp">
      <Filter>Header Files</Filter>
    </ClInclude>
    <ClInclude Include="include\States\StateManager.hpp">
      <Filter>Header Files</Filter>
    </ClInclude>
    <ClInclude Include="include\Game\Game.hpp">
      <Filter>Header Files</Filter>
    </ClInclude>
    <ClInclude Include="include\DerivedStates\PlayState.hpp">
      <Filter>Header Files</Filter>
    </ClInclude>
    <ClInclude Include="include\Boat\Boat.hpp">
      <Filter>Header Files</Filter>
    </ClInclude>
    <ClInclude Include="include\TiledBackground\TiledBackground.hpp">
      <Filter>Header Files</Filter>
    </ClInclude>
    <ClInclude Include="include\DerivedStates\MenuState.hpp">
      <Filter>Header Files</Filter>
    </ClInclude>
    <ClInclude Include="include\Asset\AssetManager.hpp">
      <Filter>Header Files</Filter>
    </ClInclude>
    <ClInclude Include="include\Projectile\ProjectileManager.hpp">
      <Filter>Header Files</Filter>
    </ClInclude>
    <ClInclude Include="include\Player\PlayerController.hpp">
      <Filter>Header Files</Filter>
    </ClInclude>
    <ClInclude Include="include\GameVars.hpp">
      <Filter>Header Files</Filter>
    </ClInclude>
    <ClInclude Include="include\AI\AIController.h">
      <Filter>Header Files</Filter>
    </ClInclude>
    <ClInclude Include="include\AI\AIBoatManager.hpp">
      <Filter>Header Files</Filter>
    </ClInclude>
  </ItemGroup>
  <ItemGroup>
    <ClCompile Include="src\Game\Game.cpp">
      <Filter>Source Files</Filter>
    </ClCompile>
    <ClCompile Include="src\States\State.cpp">
      <Filter>Source Files</Filter>
    </ClCompile>
    <ClCompile Include="src\States\StateManager.cpp">
      <Filter>Source Files</Filter>
    </ClCompile>
    <ClCompile Include="src\States\stdafx.cpp">
      <Filter>Source Files</Filter>
    </ClCompile>
    <ClCompile Include="src\Asset\AssetManager.cpp">
      <Filter>Source Files</Filter>
    </ClCompile>
    <ClCompile Include="src\Boat\Boat.cpp">
      <Filter>Source Files</Filter>
    </ClCompile>
    <ClCompile Include="src\TildBackground\TiledBackground.cpp">
      <Filter>Source Files</Filter>
    </ClCompile>
    <ClCompile Include="src\DerivedStates\MenuState.cpp">
      <Filter>Source Files</Filter>
    </ClCompile>
    <ClCompile Include="src\Projectile\ProjectileManager.cpp">
      <Filter>Source Files</Filter>
    </ClCompile>
    <ClCompile Include="src\Player\PlayerController.cpp">
      <Filter>Source Files</Filter>
    </ClCompile>
    <ClCompile Include="src\DerivedStates\PlayState.cpp">
      <Filter>Source Files</Filter>
    </ClCompile>
    <ClCompile Include="src\AI\AIController.cpp">
      <Filter>Source Files</Filter>
    </ClCompile>
    <ClCompile Include="src\AI\AIBoatManager.cpp">
      <Filter>Source Files</Filter>
    </ClCompile>
    <ClCompile Include="LD36.cpp">
      <Filter>Source Files</Filter>
    </ClCompile>
  </ItemGroup>
  <ItemGroup>
    <None Include="include\Maths\MathsUtilities.inl">
      <Filter>Header Files</Filter>
    </None>
    <None Include="include\Maths\MathVector.inl">
      <Filter>Header Files</Filter>
    </None>
  </ItemGroup>
</Project>